
Microsoft Visual Studio Solution File, Format Version 12.00
# Visual Studio Version 17
VisualStudioVersion = 17.11.35312.102
MinimumVisualStudioVersion = 10.0.40219.1
Project("{FAE04EC0-301F-11D3-BF4B-00C04F79EFBC}") = "Week14_OOP", "Week14_OOP\Week14_OOP.csproj", "{A985089F-F308-449C-BC23-D01B529D7C0D}"
EndProject
Global
	GlobalSection(SolutionConfigurationPlatforms) = preSolution
		Debug|Any CPU = Debug|Any CPU
		Release|Any CPU = Release|Any CPU
	EndGlobalSection
	GlobalSection(ProjectConfigurationPlatforms) = postSolution
		{A985089F-F308-449C-BC23-D01B529D7C0D}.Debug|Any CPU.ActiveCfg = Debug|Any CPU
		{A985089F-F308-449C-BC23-D01B529D7C0D}.Debug|Any CPU.Build.0 = Debug|Any CPU
		{A985089F-F308-449C-BC23-D01B529D7C0D}.Release|Any CPU.ActiveCfg = Release|Any CPU
		{A985089F-F308-449C-BC23-D01B529D7C0D}.Release|Any CPU.Build.0 = Release|Any CPU
	EndGlobalSection
	GlobalSection(SolutionProperties) = preSolution
		HideSolutionNode = FALSE
	EndGlobalSection
	GlobalSection(ExtensibilityGlobals) = postSolution
		SolutionGuid = {594473A2-E615-4803-8596-0BDD9D8FE5FD}
	EndGlobalSection
EndGlobal
